
Microsoft Visual Studio Solution File, Format Version 12.00
# Visual Studio Version 17
VisualStudioVersion = 17.2.32616.157
MinimumVisualStudioVersion = 10.0.40219.1
Project("{FAE04EC0-301F-11D3-BF4B-00C04F79EFBC}") = "IGBot", "IGBot\IGBot.csproj", "{A945D0EB-AD10-4563-8C79-CEF8F5611F68}"
EndProject
Global
	GlobalSection(SolutionConfigurationPlatforms) = preSolution
		Debug|Any CPU = Debug|Any CPU
		Release|Any CPU = Release|Any CPU
	EndGlobalSection
	GlobalSection(ProjectConfigurationPlatforms) = postSolution
		{A945D0EB-AD10-4563-8C79-CEF8F5611F68}.Debug|Any CPU.ActiveCfg = Debug|Any CPU
		{A945D0EB-AD10-4563-8C79-CEF8F5611F68}.Debug|Any CPU.Build.0 = Debug|Any CPU
		{A945D0EB-AD10-4563-8C79-CEF8F5611F68}.Release|Any CPU.ActiveCfg = Release|Any CPU
		{A945D0EB-AD10-4563-8C79-CEF8F5611F68}.Release|Any CPU.Build.0 = Release|Any CPU
	EndGlobalSection
	GlobalSection(SolutionProperties) = preSolution
		HideSolutionNode = FALSE
	EndGlobalSection
	GlobalSection(ExtensibilityGlobals) = postSolution
		SolutionGuid = {2573D102-F788-4956-9B48-9E154BDA122A}
	EndGlobalSection
EndGlobal
